
Microsoft Visual Studio Solution File, Format Version 12.00
# Visual Studio 15
VisualStudioVersion = 15.0.25914.0
MinimumVisualStudioVersion = 10.0.40219.1
Project("{FAE04EC0-301F-11D3-BF4B-00C04F79EFBC}") = "FSCalculator.Forms.Droid", "FSCalculator.Forms.Droid\FSCalculator.Forms.Droid.csproj", "{EC58D95D-7A5B-402A-A9B9-A6EA7F3DC92C}"
EndProject
Project("{FAE04EC0-301F-11D3-BF4B-00C04F79EFBC}") = "FSCalculator.Forms.iOS", "FSCalculator.Forms.iOS\FSCalculator.Forms.iOS.csproj", "{834FCB40-7153-4F21-B201-78AC91E05BE6}"
EndProject
Project("{FAE04EC0-301F-11D3-BF4B-00C04F79EFBC}") = "FSCalculator.Forms.UWP", "FSCalculator.Forms.UWP\FSCalculator.Forms.UWP.csproj", "{EAA519DA-18CA-4DC3-84CD-0C69E106771F}"
EndProject
Project("{F2A71F9B-5D33-465A-A702-920D77279786}") = "FSCalculator.Forms", "FSCalculator.Forms\FSCalculator.Forms.fsproj", "{9735856B-B63E-473F-8997-0E49D7DD2483}"
EndProject
Project("{F2A71F9B-5D33-465A-A702-920D77279786}") = "FSCalculator", "FSCalculator\FSCalculator\FSCalculator.fsproj", "{7E793FB9-00AB-4CD8-8892-A6DA0E37EC11}"
EndProject
Global
	GlobalSection(SolutionConfigurationPlatforms) = preSolution
		Ad-Hoc|Any CPU = Ad-Hoc|Any CPU
		Ad-Hoc|ARM = Ad-Hoc|ARM
		Ad-Hoc|iPhone = Ad-Hoc|iPhone
		Ad-Hoc|iPhoneSimulator = Ad-Hoc|iPhoneSimulator
		Ad-Hoc|x64 = Ad-Hoc|x64
		Ad-Hoc|x86 = Ad-Hoc|x86
		AppStore|Any CPU = AppStore|Any CPU
		AppStore|ARM = AppStore|ARM
		AppStore|iPhone = AppStore|iPhone
		AppStore|iPhoneSimulator = AppStore|iPhoneSimulator
		AppStore|x64 = AppStore|x64
		AppStore|x86 = AppStore|x86
		Debug|Any CPU = Debug|Any CPU
		Debug|ARM = Debug|ARM
		Debug|iPhone = Debug|iPhone
		Debug|iPhoneSimulator = Debug|iPhoneSimulator
		Debug|x64 = Debug|x64
		Debug|x86 = Debug|x86
		Release|Any CPU = Release|Any CPU
		Release|ARM = Release|ARM
		Release|iPhone = Release|iPhone
		Release|iPhoneSimulator = Release|iPhoneSimulator
		Release|x64 = Release|x64
		Release|x86 = Release|x86
	EndGlobalSection
	GlobalSection(ProjectConfigurationPlatforms) = postSolution
		{EC58D95D-7A5B-402A-A9B9-A6EA7F3DC92C}.Ad-Hoc|Any CPU.ActiveCfg = Release|Any CPU
		{EC58D95D-7A5B-402A-A9B9-A6EA7F3DC92C}.Ad-Hoc|Any CPU.Build.0 = Release|Any CPU
		{EC58D95D-7A5B-402A-A9B9-A6EA7F3DC92C}.Ad-Hoc|Any CPU.Deploy.0 = Release|Any CPU
		{EC58D95D-7A5B-402A-A9B9-A6EA7F3DC92C}.Ad-Hoc|ARM.ActiveCfg = Release|Any CPU
		{EC58D95D-7A5B-402A-A9B9-A6EA7F3DC92C}.Ad-Hoc|ARM.Build.0 = Release|Any CPU
		{EC58D95D-7A5B-402A-A9B9-A6EA7F3DC92C}.Ad-Hoc|ARM.Deploy.0 = Release|Any CPU
		{EC58D95D-7A5B-402A-A9B9-A6EA7F3DC92C}.Ad-Hoc|iPhone.ActiveCfg = Release|Any CPU
		{EC58D95D-7A5B-402A-A9B9-A6EA7F3DC92C}.Ad-Hoc|iPhone.Build.0 = Release|Any CPU
		{EC58D95D-7A5B-402A-A9B9-A6EA7F3DC92C}.Ad-Hoc|iPhone.Deploy.0 = Release|Any CPU
		{EC58D95D-7A5B-402A-A9B9-A6EA7F3DC92C}.Ad-Hoc|iPhoneSimulator.ActiveCfg = Release|Any CPU
		{EC58D95D-7A5B-402A-A9B9-A6EA7F3DC92C}.Ad-Hoc|iPhoneSimulator.Build.0 = Release|Any CPU
		{EC58D95D-7A5B-402A-A9B9-A6EA7F3DC92C}.Ad-Hoc|iPhoneSimulator.Deploy.0 = Release|Any CPU
		{EC58D95D-7A5B-402A-A9B9-A6EA7F3DC92C}.Ad-Hoc|x64.ActiveCfg = Release|Any CPU
		{EC58D95D-7A5B-402A-A9B9-A6EA7F3DC92C}.Ad-Hoc|x64.Build.0 = Release|Any CPU
		{EC58D95D-7A5B-402A-A9B9-A6EA7F3DC92C}.Ad-Hoc|x64.Deploy.0 = Release|Any CPU
		{EC58D95D-7A5B-402A-A9B9-A6EA7F3DC92C}.Ad-Hoc|x86.ActiveCfg = Release|Any CPU
		{EC58D95D-7A5B-402A-A9B9-A6EA7F3DC92C}.Ad-Hoc|x86.Build.0 = Release|Any CPU
		{EC58D95D-7A5B-402A-A9B9-A6EA7F3DC92C}.Ad-Hoc|x86.Deploy.0 = Release|Any CPU
		{EC58D95D-7A5B-402A-A9B9-A6EA7F3DC92C}.AppStore|Any CPU.ActiveCfg = Release|Any CPU
		{EC58D95D-7A5B-402A-A9B9-A6EA7F3DC92C}.AppStore|Any CPU.Build.0 = Release|Any CPU
		{EC58D95D-7A5B-402A-A9B9-A6EA7F3DC92C}.AppStore|Any CPU.Deploy.0 = Release|Any CPU
		{EC58D95D-7A5B-402A-A9B9-A6EA7F3DC92C}.AppStore|ARM.ActiveCfg = Release|Any CPU
		{EC58D95D-7A5B-402A-A9B9-A6EA7F3DC92C}.AppStore|ARM.Build.0 = Release|Any CPU
		{EC58D95D-7A5B-402A-A9B9-A6EA7F3DC92C}.AppStore|ARM.Deploy.0 = Release|Any CPU
		{EC58D95D-7A5B-402A-A9B9-A6EA7F3DC92C}.AppStore|iPhone.ActiveCfg = Release|Any CPU
		{EC58D95D-7A5B-402A-A9B9-A6EA7F3DC92C}.AppStore|iPhone.Build.0 = Release|Any CPU
		{EC58D95D-7A5B-402A-A9B9-A6EA7F3DC92C}.AppStore|iPhone.Deploy.0 = Release|Any CPU
		{EC58D95D-7A5B-402A-A9B9-A6EA7F3DC92C}.AppStore|iPhoneSimulator.ActiveCfg = Release|Any CPU
		{EC58D95D-7A5B-402A-A9B9-A6EA7F3DC92C}.AppStore|iPhoneSimulator.Build.0 = Release|Any CPU
		{EC58D95D-7A5B-402A-A9B9-A6EA7F3DC92C}.AppStore|iPhoneSimulator.Deploy.0 = Release|Any CPU
		{EC58D95D-7A5B-402A-A9B9-A6EA7F3DC92C}.AppStore|x64.ActiveCfg = Release|Any CPU
		{EC58D95D-7A5B-402A-A9B9-A6EA7F3DC92C}.AppStore|x64.Build.0 = Release|Any CPU
		{EC58D95D-7A5B-402A-A9B9-A6EA7F3DC92C}.AppStore|x64.Deploy.0 = Release|Any CPU
		{EC58D95D-7A5B-402A-A9B9-A6EA7F3DC92C}.AppStore|x86.ActiveCfg = Release|Any CPU
		{EC58D95D-7A5B-402A-A9B9-A6EA7F3DC92C}.AppStore|x86.Build.0 = Release|Any CPU
		{EC58D95D-7A5B-402A-A9B9-A6EA7F3DC92C}.AppStore|x86.Deploy.0 = Release|Any CPU
		{EC58D95D-7A5B-402A-A9B9-A6EA7F3DC92C}.Debug|Any CPU.ActiveCfg = Debug|Any CPU
		{EC58D95D-7A5B-402A-A9B9-A6EA7F3DC92C}.Debug|Any CPU.Build.0 = Debug|Any CPU
		{EC58D95D-7A5B-402A-A9B9-A6EA7F3DC92C}.Debug|Any CPU.Deploy.0 = Debug|Any CPU
		{EC58D95D-7A5B-402A-A9B9-A6EA7F3DC92C}.Debug|ARM.ActiveCfg = Debug|Any CPU
		{EC58D95D-7A5B-402A-A9B9-A6EA7F3DC92C}.Debug|ARM.Build.0 = Debug|Any CPU
		{EC58D95D-7A5B-402A-A9B9-A6EA7F3DC92C}.Debug|ARM.Deploy.0 = Debug|Any CPU
		{EC58D95D-7A5B-402A-A9B9-A6EA7F3DC92C}.Debug|iPhone.ActiveCfg = Debug|Any CPU
		{EC58D95D-7A5B-402A-A9B9-A6EA7F3DC92C}.Debug|iPhone.Build.0 = Debug|Any CPU
		{EC58D95D-7A5B-402A-A9B9-A6EA7F3DC92C}.Debug|iPhone.Deploy.0 = Debug|Any CPU
		{EC58D95D-7A5B-402A-A9B9-A6EA7F3DC92C}.Debug|iPhoneSimulator.ActiveCfg = Debug|Any CPU
		{EC58D95D-7A5B-402A-A9B9-A6EA7F3DC92C}.Debug|iPhoneSimulator.Build.0 = Debug|Any CPU
		{EC58D95D-7A5B-402A-A9B9-A6EA7F3DC92C}.Debug|iPhoneSimulator.Deploy.0 = Debug|Any CPU
		{EC58D95D-7A5B-402A-A9B9-A6EA7F3DC92C}.Debug|x64.ActiveCfg = Debug|Any CPU
		{EC58D95D-7A5B-402A-A9B9-A6EA7F3DC92C}.Debug|x64.Build.0 = Debug|Any CPU
		{EC58D95D-7A5B-402A-A9B9-A6EA7F3DC92C}.Debug|x64.Deploy.0 = Debug|Any CPU
		{EC58D95D-7A5B-402A-A9B9-A6EA7F3DC92C}.Debug|x86.ActiveCfg = Debug|Any CPU
		{EC58D95D-7A5B-402A-A9B9-A6EA7F3DC92C}.Debug|x86.Build.0 = Debug|Any CPU
		{EC58D95D-7A5B-402A-A9B9-A6EA7F3DC92C}.Debug|x86.Deploy.0 = Debug|Any CPU
		{EC58D95D-7A5B-402A-A9B9-A6EA7F3DC92C}.Release|Any CPU.ActiveCfg = Release|Any CPU
		{EC58D95D-7A5B-402A-A9B9-A6EA7F3DC92C}.Release|Any CPU.Build.0 = Release|Any CPU
		{EC58D95D-7A5B-402A-A9B9-A6EA7F3DC92C}.Release|Any CPU.Deploy.0 = Release|Any CPU
		{EC58D95D-7A5B-402A-A9B9-A6EA7F3DC92C}.Release|ARM.ActiveCfg = Release|Any CPU
		{EC58D95D-7A5B-402A-A9B9-A6EA7F3DC92C}.Release|ARM.Build.0 = Release|Any CPU
		{EC58D95D-7A5B-402A-A9B9-A6EA7F3DC92C}.Release|ARM.Deploy.0 = Release|Any CPU
		{EC58D95D-7A5B-402A-A9B9-A6EA7F3DC92C}.Release|iPhone.ActiveCfg = Release|Any CPU
		{EC58D95D-7A5B-402A-A9B9-A6EA7F3DC92C}.Release|iPhone.Build.0 = Release|Any CPU
		{EC58D95D-7A5B-402A-A9B9-A6EA7F3DC92C}.Release|iPhone.Deploy.0 = Release|Any CPU
		{EC58D95D-7A5B-402A-A9B9-A6EA7F3DC92C}.Release|iPhoneSimulator.ActiveCfg = Release|Any CPU
		{EC58D95D-7A5B-402A-A9B9-A6EA7F3DC92C}.Release|iPhoneSimulator.Build.0 = Release|Any CPU
		{EC58D95D-7A5B-402A-A9B9-A6EA7F3DC92C}.Release|iPhoneSimulator.Deploy.0 = Release|Any CPU
		{EC58D95D-7A5B-402A-A9B9-A6EA7F3DC92C}.Release|x64.ActiveCfg = Release|Any CPU
		{EC58D95D-7A5B-402A-A9B9-A6EA7F3DC92C}.Release|x64.Build.0 = Release|Any CPU
		{EC58D95D-7A5B-402A-A9B9-A6EA7F3DC92C}.Release|x64.Deploy.0 = Release|Any CPU
		{EC58D95D-7A5B-402A-A9B9-A6EA7F3DC92C}.Release|x86.ActiveCfg = Release|Any CPU
		{EC58D95D-7A5B-402A-A9B9-A6EA7F3DC92C}.Release|x86.Build.0 = Release|Any CPU
		{EC58D95D-7A5B-402A-A9B9-A6EA7F3DC92C}.Release|x86.Deploy.0 = Release|Any CPU
		{834FCB40-7153-4F21-B201-78AC91E05BE6}.Ad-Hoc|Any CPU.ActiveCfg = Ad-Hoc|iPhone
		{834FCB40-7153-4F21-B201-78AC91E05BE6}.Ad-Hoc|ARM.ActiveCfg = Ad-Hoc|iPhone
		{834FCB40-7153-4F21-B201-78AC91E05BE6}.Ad-Hoc|iPhone.ActiveCfg = Ad-Hoc|iPhone
		{834FCB40-7153-4F21-B201-78AC91E05BE6}.Ad-Hoc|iPhone.Build.0 = Ad-Hoc|iPhone
		{834FCB40-7153-4F21-B201-78AC91E05BE6}.Ad-Hoc|iPhoneSimulator.ActiveCfg = Ad-Hoc|iPhoneSimulator
		{834FCB40-7153-4F21-B201-78AC91E05BE6}.Ad-Hoc|iPhoneSimulator.Build.0 = Ad-Hoc|iPhoneSimulator
		{834FCB40-7153-4F21-B201-78AC91E05BE6}.Ad-Hoc|x64.ActiveCfg = Ad-Hoc|iPhone
		{834FCB40-7153-4F21-B201-78AC91E05BE6}.Ad-Hoc|x86.ActiveCfg = Ad-Hoc|iPhone
		{834FCB40-7153-4F21-B201-78AC91E05BE6}.AppStore|Any CPU.ActiveCfg = AppStore|iPhone
		{834FCB40-7153-4F21-B201-78AC91E05BE6}.AppStore|ARM.ActiveCfg = AppStore|iPhone
		{834FCB40-7153-4F21-B201-78AC91E05BE6}.AppStore|iPhone.ActiveCfg = AppStore|iPhone
		{834FCB40-7153-4F21-B201-78AC91E05BE6}.AppStore|iPhone.Build.0 = AppStore|iPhone
		{834FCB40-7153-4F21-B201-78AC91E05BE6}.AppStore|iPhoneSimulator.ActiveCfg = AppStore|iPhoneSimulator
		{834FCB40-7153-4F21-B201-78AC91E05BE6}.AppStore|iPhoneSimulator.Build.0 = AppStore|iPhoneSimulator
		{834FCB40-7153-4F21-B201-78AC91E05BE6}.AppStore|x64.ActiveCfg = AppStore|iPhone
		{834FCB40-7153-4F21-B201-78AC91E05BE6}.AppStore|x86.ActiveCfg = AppStore|iPhone
		{834FCB40-7153-4F21-B201-78AC91E05BE6}.Debug|Any CPU.ActiveCfg = Debug|iPhone
		{834FCB40-7153-4F21-B201-78AC91E05BE6}.Debug|ARM.ActiveCfg = Debug|iPhone
		{834FCB40-7153-4F21-B201-78AC91E05BE6}.Debug|iPhone.ActiveCfg = Debug|iPhone
		{834FCB40-7153-4F21-B201-78AC91E05BE6}.Debug|iPhone.Build.0 = Debug|iPhone
		{834FCB40-7153-4F21-B201-78AC91E05BE6}.Debug|iPhoneSimulator.ActiveCfg = Debug|iPhoneSimulator
		{834FCB40-7153-4F21-B201-78AC91E05BE6}.Debug|iPhoneSimulator.Build.0 = Debug|iPhoneSimulator
		{834FCB40-7153-4F21-B201-78AC91E05BE6}.Debug|x64.ActiveCfg = Debug|iPhone
		{834FCB40-7153-4F21-B201-78AC91E05BE6}.Debug|x86.ActiveCfg = Debug|iPhone
		{834FCB40-7153-4F21-B201-78AC91E05BE6}.Release|Any CPU.ActiveCfg = Release|iPhone
		{834FCB40-7153-4F21-B201-78AC91E05BE6}.Release|ARM.ActiveCfg = Release|iPhone
		{834FCB40-7153-4F21-B201-78AC91E05BE6}.Release|iPhone.ActiveCfg = Release|iPhone
		{834FCB40-7153-4F21-B201-78AC91E05BE6}.Release|iPhone.Build.0 = Release|iPhone
		{834FCB40-7153-4F21-B201-78AC91E05BE6}.Release|iPhoneSimulator.ActiveCfg = Release|iPhoneSimulator
		{834FCB40-7153-4F21-B201-78AC91E05BE6}.Release|iPhoneSimulator.Build.0 = Release|iPhoneSimulator
		{834FCB40-7153-4F21-B201-78AC91E05BE6}.Release|x64.ActiveCfg = Release|iPhone
		{834FCB40-7153-4F21-B201-78AC91E05BE6}.Release|x86.ActiveCfg = Release|iPhone
		{EAA519DA-18CA-4DC3-84CD-0C69E106771F}.Ad-Hoc|Any CPU.ActiveCfg = Release|x86
		{EAA519DA-18CA-4DC3-84CD-0C69E106771F}.Ad-Hoc|Any CPU.Build.0 = Release|x86
		{EAA519DA-18CA-4DC3-84CD-0C69E106771F}.Ad-Hoc|Any CPU.Deploy.0 = Release|x86
		{EAA519DA-18CA-4DC3-84CD-0C69E106771F}.Ad-Hoc|ARM.ActiveCfg = Release|ARM
		{EAA519DA-18CA-4DC3-84CD-0C69E106771F}.Ad-Hoc|ARM.Build.0 = Release|ARM
		{EAA519DA-18CA-4DC3-84CD-0C69E106771F}.Ad-Hoc|ARM.Deploy.0 = Release|ARM
		{EAA519DA-18CA-4DC3-84CD-0C69E106771F}.Ad-Hoc|iPhone.ActiveCfg = Release|x86
		{EAA519DA-18CA-4DC3-84CD-0C69E106771F}.Ad-Hoc|iPhone.Build.0 = Release|x86
		{EAA519DA-18CA-4DC3-84CD-0C69E106771F}.Ad-Hoc|iPhone.Deploy.0 = Release|x86
		{EAA519DA-18CA-4DC3-84CD-0C69E106771F}.Ad-Hoc|iPhoneSimulator.ActiveCfg = Release|x86
		{EAA519DA-18CA-4DC3-84CD-0C69E106771F}.Ad-Hoc|iPhoneSimulator.Build.0 = Release|x86
		{EAA519DA-18CA-4DC3-84CD-0C69E106771F}.Ad-Hoc|iPhoneSimulator.Deploy.0 = Release|x86
		{EAA519DA-18CA-4DC3-84CD-0C69E106771F}.Ad-Hoc|x64.ActiveCfg = Release|x64
		{EAA519DA-18CA-4DC3-84CD-0C69E106771F}.Ad-Hoc|x64.Build.0 = Release|x64
		{EAA519DA-18CA-4DC3-84CD-0C69E106771F}.Ad-Hoc|x64.Deploy.0 = Release|x64
		{EAA519DA-18CA-4DC3-84CD-0C69E106771F}.Ad-Hoc|x86.ActiveCfg = Release|x86
		{EAA519DA-18CA-4DC3-84CD-0C69E106771F}.Ad-Hoc|x86.Build.0 = Release|x86
		{EAA519DA-18CA-4DC3-84CD-0C69E106771F}.Ad-Hoc|x86.Deploy.0 = Release|x86
		{EAA519DA-18CA-4DC3-84CD-0C69E106771F}.AppStore|Any CPU.ActiveCfg = Release|x86
		{EAA519DA-18CA-4DC3-84CD-0C69E106771F}.AppStore|Any CPU.Build.0 = Release|x86
		{EAA519DA-18CA-4DC3-84CD-0C69E106771F}.AppStore|Any CPU.Deploy.0 = Release|x86
		{EAA519DA-18CA-4DC3-84CD-0C69E106771F}.AppStore|ARM.ActiveCfg = Release|ARM
		{EAA519DA-18CA-4DC3-84CD-0C69E106771F}.AppStore|ARM.Build.0 = Release|ARM
		{EAA519DA-18CA-4DC3-84CD-0C69E106771F}.AppStore|ARM.Deploy.0 = Release|ARM
		{EAA519DA-18CA-4DC3-84CD-0C69E106771F}.AppStore|iPhone.ActiveCfg = Release|x86
		{EAA519DA-18CA-4DC3-84CD-0C69E106771F}.AppStore|iPhone.Build.0 = Release|x86
		{EAA519DA-18CA-4DC3-84CD-0C69E106771F}.AppStore|iPhone.Deploy.0 = Release|x86
		{EAA519DA-18CA-4DC3-84CD-0C69E106771F}.AppStore|iPhoneSimulator.ActiveCfg = Release|x86
		{EAA519DA-18CA-4DC3-84CD-0C69E106771F}.AppStore|iPhoneSimulator.Build.0 = Release|x86
		{EAA519DA-18CA-4DC3-84CD-0C69E106771F}.AppStore|iPhoneSimulator.Deploy.0 = Release|x86
		{EAA519DA-18CA-4DC3-84CD-0C69E106771F}.AppStore|x64.ActiveCfg = Release|x64
		{EAA519DA-18CA-4DC3-84CD-0C69E106771F}.AppStore|x64.Build.0 = Release|x64
		{EAA519DA-18CA-4DC3-84CD-0C69E106771F}.AppStore|x64.Deploy.0 = Release|x64
		{EAA519DA-18CA-4DC3-84CD-0C69E106771F}.AppStore|x86.ActiveCfg = Release|x86
		{EAA519DA-18CA-4DC3-84CD-0C69E106771F}.AppStore|x86.Build.0 = Release|x86
		{EAA519DA-18CA-4DC3-84CD-0C69E106771F}.AppStore|x86.Deploy.0 = Release|x86
		{EAA519DA-18CA-4DC3-84CD-0C69E106771F}.Debug|Any CPU.ActiveCfg = Debug|x86
		{EAA519DA-18CA-4DC3-84CD-0C69E106771F}.Debug|Any CPU.Build.0 = Debug|x86
		{EAA519DA-18CA-4DC3-84CD-0C69E106771F}.Debug|Any CPU.Deploy.0 = Debug|x86
		{EAA519DA-18CA-4DC3-84CD-0C69E106771F}.Debug|ARM.ActiveCfg = Debug|ARM
		{EAA519DA-18CA-4DC3-84CD-0C69E106771F}.Debug|ARM.Build.0 = Debug|ARM
		{EAA519DA-18CA-4DC3-84CD-0C69E106771F}.Debug|ARM.Deploy.0 = Debug|ARM
		{EAA519DA-18CA-4DC3-84CD-0C69E106771F}.Debug|iPhone.ActiveCfg = Debug|x86
		{EAA519DA-18CA-4DC3-84CD-0C69E106771F}.Debug|iPhoneSimulator.ActiveCfg = Debug|x86
		{EAA519DA-18CA-4DC3-84CD-0C69E106771F}.Debug|x64.ActiveCfg = Debug|x64
		{EAA519DA-18CA-4DC3-84CD-0C69E106771F}.Debug|x64.Build.0 = Debug|x64
		{EAA519DA-18CA-4DC3-84CD-0C69E106771F}.Debug|x64.Deploy.0 = Debug|x64
		{EAA519DA-18CA-4DC3-84CD-0C69E106771F}.Debug|x86.ActiveCfg = Debug|x86
		{EAA519DA-18CA-4DC3-84CD-0C69E106771F}.Debug|x86.Build.0 = Debug|x86
		{EAA519DA-18CA-4DC3-84CD-0C69E106771F}.Debug|x86.Deploy.0 = Debug|x86
		{EAA519DA-18CA-4DC3-84CD-0C69E106771F}.Release|Any CPU.ActiveCfg = Release|x86
		{EAA519DA-18CA-4DC3-84CD-0C69E106771F}.Release|ARM.ActiveCfg = Release|ARM
		{EAA519DA-18CA-4DC3-84CD-0C69E106771F}.Release|ARM.Build.0 = Release|ARM
		{EAA519DA-18CA-4DC3-84CD-0C69E106771F}.Release|ARM.Deploy.0 = Release|ARM
		{EAA519DA-18CA-4DC3-84CD-0C69E106771F}.Release|iPhone.ActiveCfg = Release|x86
		{EAA519DA-18CA-4DC3-84CD-0C69E106771F}.Release|iPhoneSimulator.ActiveCfg = Release|x86
		{EAA519DA-18CA-4DC3-84CD-0C69E106771F}.Release|x64.ActiveCfg = Release|x64
		{EAA519DA-18CA-4DC3-84CD-0C69E106771F}.Release|x64.Build.0 = Release|x64
		{EAA519DA-18CA-4DC3-84CD-0C69E106771F}.Release|x64.Deploy.0 = Release|x64
		{EAA519DA-18CA-4DC3-84CD-0C69E106771F}.Release|x86.ActiveCfg = Release|x86
		{EAA519DA-18CA-4DC3-84CD-0C69E106771F}.Release|x86.Build.0 = Release|x86
		{EAA519DA-18CA-4DC3-84CD-0C69E106771F}.Release|x86.Deploy.0 = Release|x86
		{9735856B-B63E-473F-8997-0E49D7DD2483}.Ad-Hoc|Any CPU.ActiveCfg = Release|Any CPU
		{9735856B-B63E-473F-8997-0E49D7DD2483}.Ad-Hoc|Any CPU.Build.0 = Release|Any CPU
		{9735856B-B63E-473F-8997-0E49D7DD2483}.Ad-Hoc|ARM.ActiveCfg = Release|Any CPU
		{9735856B-B63E-473F-8997-0E49D7DD2483}.Ad-Hoc|ARM.Build.0 = Release|Any CPU
		{9735856B-B63E-473F-8997-0E49D7DD2483}.Ad-Hoc|iPhone.ActiveCfg = Release|Any CPU
		{9735856B-B63E-473F-8997-0E49D7DD2483}.Ad-Hoc|iPhone.Build.0 = Release|Any CPU
		{9735856B-B63E-473F-8997-0E49D7DD2483}.Ad-Hoc|iPhoneSimulator.ActiveCfg = Release|Any CPU
		{9735856B-B63E-473F-8997-0E49D7DD2483}.Ad-Hoc|iPhoneSimulator.Build.0 = Release|Any CPU
		{9735856B-B63E-473F-8997-0E49D7DD2483}.Ad-Hoc|x64.ActiveCfg = Release|Any CPU
		{9735856B-B63E-473F-8997-0E49D7DD2483}.Ad-Hoc|x64.Build.0 = Release|Any CPU
		{9735856B-B63E-473F-8997-0E49D7DD2483}.Ad-Hoc|x86.ActiveCfg = Release|Any CPU
		{9735856B-B63E-473F-8997-0E49D7DD2483}.Ad-Hoc|x86.Build.0 = Release|Any CPU
		{9735856B-B63E-473F-8997-0E49D7DD2483}.AppStore|Any CPU.ActiveCfg = Release|Any CPU
		{9735856B-B63E-473F-8997-0E49D7DD2483}.AppStore|Any CPU.Build.0 = Release|Any CPU
		{9735856B-B63E-473F-8997-0E49D7DD2483}.AppStore|ARM.ActiveCfg = Release|Any CPU
		{9735856B-B63E-473F-8997-0E49D7DD2483}.AppStore|ARM.Build.0 = Release|Any CPU
		{9735856B-B63E-473F-8997-0E49D7DD2483}.AppStore|iPhone.ActiveCfg = Release|Any CPU
		{9735856B-B63E-473F-8997-0E49D7DD2483}.AppStore|iPhone.Build.0 = Release|Any CPU
		{9735856B-B63E-473F-8997-0E49D7DD2483}.AppStore|iPhoneSimulator.ActiveCfg = Release|Any CPU
		{9735856B-B63E-473F-8997-0E49D7DD2483}.AppStore|iPhoneSimulator.Build.0 = Release|Any CPU
		{9735856B-B63E-473F-8997-0E49D7DD2483}.AppStore|x64.ActiveCfg = Release|Any CPU
		{9735856B-B63E-473F-8997-0E49D7DD2483}.AppStore|x64.Build.0 = Release|Any CPU
		{9735856B-B63E-473F-8997-0E49D7DD2483}.AppStore|x86.ActiveCfg = Release|Any CPU
		{9735856B-B63E-473F-8997-0E49D7DD2483}.AppStore|x86.Build.0 = Release|Any CPU
		{9735856B-B63E-473F-8997-0E49D7DD2483}.Debug|Any CPU.ActiveCfg = Debug|Any CPU
		{9735856B-B63E-473F-8997-0E49D7DD2483}.Debug|Any CPU.Build.0 = Debug|Any CPU
		{9735856B-B63E-473F-8997-0E49D7DD2483}.Debug|ARM.ActiveCfg = Debug|Any CPU
		{9735856B-B63E-473F-8997-0E49D7DD2483}.Debug|ARM.Build.0 = Debug|Any CPU
		{9735856B-B63E-473F-8997-0E49D7DD2483}.Debug|iPhone.ActiveCfg = Debug|Any CPU
		{9735856B-B63E-473F-8997-0E49D7DD2483}.Debug|iPhone.Build.0 = Debug|Any CPU
		{9735856B-B63E-473F-8997-0E49D7DD2483}.Debug|iPhoneSimulator.ActiveCfg = Debug|Any CPU
		{9735856B-B63E-473F-8997-0E49D7DD2483}.Debug|iPhoneSimulator.Build.0 = Debug|Any CPU
		{9735856B-B63E-473F-8997-0E49D7DD2483}.Debug|x64.ActiveCfg = Debug|Any CPU
		{9735856B-B63E-473F-8997-0E49D7DD2483}.Debug|x64.Build.0 = Debug|Any CPU
		{9735856B-B63E-473F-8997-0E49D7DD2483}.Debug|x86.ActiveCfg = Debug|Any CPU
		{9735856B-B63E-473F-8997-0E49D7DD2483}.Debug|x86.Build.0 = Debug|Any CPU
		{9735856B-B63E-473F-8997-0E49D7DD2483}.Release|Any CPU.ActiveCfg = Release|Any CPU
		{9735856B-B63E-473F-8997-0E49D7DD2483}.Release|Any CPU.Build.0 = Release|Any CPU
		{9735856B-B63E-473F-8997-0E49D7DD2483}.Release|ARM.ActiveCfg = Release|Any CPU
		{9735856B-B63E-473F-8997-0E49D7DD2483}.Release|ARM.Build.0 = Release|Any CPU
		{9735856B-B63E-473F-8997-0E49D7DD2483}.Release|iPhone.ActiveCfg = Release|Any CPU
		{9735856B-B63E-473F-8997-0E49D7DD2483}.Release|iPhone.Build.0 = Release|Any CPU
		{9735856B-B63E-473F-8997-0E49D7DD2483}.Release|iPhoneSimulator.ActiveCfg = Release|Any CPU
		{9735856B-B63E-473F-8997-0E49D7DD2483}.Release|iPhoneSimulator.Build.0 = Release|Any CPU
		{9735856B-B63E-473F-8997-0E49D7DD2483}.Release|x64.ActiveCfg = Release|Any CPU
		{9735856B-B63E-473F-8997-0E49D7DD2483}.Release|x64.Build.0 = Release|Any CPU
		{9735856B-B63E-473F-8997-0E49D7DD2483}.Release|x86.ActiveCfg = Release|Any CPU
		{9735856B-B63E-473F-8997-0E49D7DD2483}.Release|x86.Build.0 = Release|Any CPU
		{7E793FB9-00AB-4CD8-8892-A6DA0E37EC11}.Ad-Hoc|Any CPU.ActiveCfg = Release|Any CPU
		{7E793FB9-00AB-4CD8-8892-A6DA0E37EC11}.Ad-Hoc|Any CPU.Build.0 = Release|Any CPU
		{7E793FB9-00AB-4CD8-8892-A6DA0E37EC11}.Ad-Hoc|ARM.ActiveCfg = Release|Any CPU
		{7E793FB9-00AB-4CD8-8892-A6DA0E37EC11}.Ad-Hoc|ARM.Build.0 = Release|Any CPU
		{7E793FB9-00AB-4CD8-8892-A6DA0E37EC11}.Ad-Hoc|iPhone.ActiveCfg = Release|Any CPU
		{7E793FB9-00AB-4CD8-8892-A6DA0E37EC11}.Ad-Hoc|iPhone.Build.0 = Release|Any CPU
		{7E793FB9-00AB-4CD8-8892-A6DA0E37EC11}.Ad-Hoc|iPhoneSimulator.ActiveCfg = Release|Any CPU
		{7E793FB9-00AB-4CD8-8892-A6DA0E37EC11}.Ad-Hoc|iPhoneSimulator.Build.0 = Release|Any CPU
		{7E793FB9-00AB-4CD8-8892-A6DA0E37EC11}.Ad-Hoc|x64.ActiveCfg = Release|Any CPU
		{7E793FB9-00AB-4CD8-8892-A6DA0E37EC11}.Ad-Hoc|x64.Build.0 = Release|Any CPU
		{7E793FB9-00AB-4CD8-8892-A6DA0E37EC11}.Ad-Hoc|x86.ActiveCfg = Release|Any CPU
		{7E793FB9-00AB-4CD8-8892-A6DA0E37EC11}.Ad-Hoc|x86.Build.0 = Release|Any CPU
		{7E793FB9-00AB-4CD8-8892-A6DA0E37EC11}.AppStore|Any CPU.ActiveCfg = Release|Any CPU
		{7E793FB9-00AB-4CD8-8892-A6DA0E37EC11}.AppStore|Any CPU.Build.0 = Release|Any CPU
		{7E793FB9-00AB-4CD8-8892-A6DA0E37EC11}.AppStore|ARM.ActiveCfg = Release|Any CPU
		{7E793FB9-00AB-4CD8-8892-A6DA0E37EC11}.AppStore|ARM.Build.0 = Release|Any CPU
		{7E793FB9-00AB-4CD8-8892-A6DA0E37EC11}.AppStore|iPhone.ActiveCfg = Release|Any CPU
		{7E793FB9-00AB-4CD8-8892-A6DA0E37EC11}.AppStore|iPhone.Build.0 = Release|Any CPU
		{7E793FB9-00AB-4CD8-8892-A6DA0E37EC11}.AppStore|iPhoneSimulator.ActiveCfg = Release|Any CPU
		{7E793FB9-00AB-4CD8-8892-A6DA0E37EC11}.AppStore|iPhoneSimulator.Build.0 = Release|Any CPU
		{7E793FB9-00AB-4CD8-8892-A6DA0E37EC11}.AppStore|x64.ActiveCfg = Release|Any CPU
		{7E793FB9-00AB-4CD8-8892-A6DA0E37EC11}.AppStore|x64.Build.0 = Release|Any CPU
		{7E793FB9-00AB-4CD8-8892-A6DA0E37EC11}.AppStore|x86.ActiveCfg = Release|Any CPU
		{7E793FB9-00AB-4CD8-8892-A6DA0E37EC11}.AppStore|x86.Build.0 = Release|Any CPU
		{7E793FB9-00AB-4CD8-8892-A6DA0E37EC11}.Debug|Any CPU.ActiveCfg = Debug|Any CPU
		{7E793FB9-00AB-4CD8-8892-A6DA0E37EC11}.Debug|Any CPU.Build.0 = Debug|Any CPU
		{7E793FB9-00AB-4CD8-8892-A6DA0E37EC11}.Debug|ARM.ActiveCfg = Debug|Any CPU
		{7E793FB9-00AB-4CD8-8892-A6DA0E37EC11}.Debug|ARM.Build.0 = Debug|Any CPU
		{7E793FB9-00AB-4CD8-8892-A6DA0E37EC11}.Debug|iPhone.ActiveCfg = Debug|Any CPU
		{7E793FB9-00AB-4CD8-8892-A6DA0E37EC11}.Debug|iPhone.Build.0 = Debug|Any CPU
		{7E793FB9-00AB-4CD8-8892-A6DA0E37EC11}.Debug|iPhoneSimulator.ActiveCfg = Debug|Any CPU
		{7E793FB9-00AB-4CD8-8892-A6DA0E37EC11}.Debug|iPhoneSimulator.Build.0 = Debug|Any CPU
		{7E793FB9-00AB-4CD8-8892-A6DA0E37EC11}.Debug|x64.ActiveCfg = Debug|Any CPU
		{7E793FB9-00AB-4CD8-8892-A6DA0E37EC11}.Debug|x64.Build.0 = Debug|Any CPU
		{7E793FB9-00AB-4CD8-8892-A6DA0E37EC11}.Debug|x86.ActiveCfg = Debug|Any CPU
		{7E793FB9-00AB-4CD8-8892-A6DA0E37EC11}.Debug|x86.Build.0 = Debug|Any CPU
		{7E793FB9-00AB-4CD8-8892-A6DA0E37EC11}.Release|Any CPU.ActiveCfg = Release|Any CPU
		{7E793FB9-00AB-4CD8-8892-A6DA0E37EC11}.Release|Any CPU.Build.0 = Release|Any CPU
		{7E793FB9-00AB-4CD8-8892-A6DA0E37EC11}.Release|ARM.ActiveCfg = Release|Any CPU
		{7E793FB9-00AB-4CD8-8892-A6DA0E37EC11}.Release|ARM.Build.0 = Release|Any CPU
		{7E793FB9-00AB-4CD8-8892-A6DA0E37EC11}.Release|iPhone.ActiveCfg = Release|Any CPU
		{7E793FB9-00AB-4CD8-8892-A6DA0E37EC11}.Release|iPhone.Build.0 = Release|Any CPU
		{7E793FB9-00AB-4CD8-8892-A6DA0E37EC11}.Release|iPhoneSimulator.ActiveCfg = Release|Any CPU
		{7E793FB9-00AB-4CD8-8892-A6DA0E37EC11}.Release|iPhoneSimulator.Build.0 = Release|Any CPU
		{7E793FB9-00AB-4CD8-8892-A6DA0E37EC11}.Release|x64.ActiveCfg = Release|Any CPU
		{7E793FB9-00AB-4CD8-8892-A6DA0E37EC11}.Release|x64.Build.0 = Release|Any CPU
		{7E793FB9-00AB-4CD8-8892-A6DA0E37EC11}.Release|x86.ActiveCfg = Release|Any CPU
		{7E793FB9-00AB-4CD8-8892-A6DA0E37EC11}.Release|x86.Build.0 = Release|Any CPU
	EndGlobalSection
	GlobalSection(SolutionProperties) = preSolution
		HideSolutionNode = FALSE
	EndGlobalSection
EndGlobal
